{
  "name": "miniapp-lxwc",
  "version": "1.0.0",
  "lockfileVersion": 1,
  "requires": true,
  "dependencies": {
    "wxministore": {
      "version": "1.2.3",
      "resolved": "https://registry.npmjs.org/wxministore/-/wxministore-1.2.3.tgz",
      "integrity": "sha512-fZmRNCvd971965I541V1/gaic6AhNBJ85hb3FcgZ+IRTsFtS5FJAtBoEMLxU1AoQJSo7poKZ9CpdSrvpcVHXbg=="
    }
  }
}
